Microsoft Visual Studio Solution File, Format Version 12.00
# Visual Studio Version 17
VisualStudioVersion = 17.13.35931.197
MinimumVisualStudioVersion = 10.0.40219.1
Project("{9A19103F-16F7-4668-BE54-9A1E7A4F7556}") = "Microsoft.WindowsAzure.Mobile.SQLiteStore", "src\Microsoft.WindowsAzure.MobileServices.SQLiteStore\Microsoft.WindowsAzure.Mobile.SQLiteStore.csproj", "{4C20D49A-FE5E-4D9C-98B9-8125450074F5}"
EndProject
Project("{FAE04EC0-301F-11D3-BF4B-00C04F79EFBC}") = "Microsoft.WindowsAzure.Mobile", "src\Microsoft.WindowsAzure.MobileServices\Microsoft.WindowsAzure.Mobile.csproj", "{75557793-E36E-4190-8714-5BD2665859FB}"
EndProject
Project("{FAE04EC0-301F-11D3-BF4B-00C04F79EFBC}") = "Microsoft.WindowsAzure.Mobile.TestFramework", "test\Microsoft.WindowsAzure.MobileServices.TestFramework\Microsoft.WindowsAzure.Mobile.TestFramework.csproj", "{A2500BD2-A9A2-4085-9978-DEE3675B02DD}"
EndProject
Project("{9A19103F-16F7-4668-BE54-9A1E7A4F7556}") = "Microsoft.WindowsAzure.Mobile.SQLiteStore.Test.Unit", "test\Microsoft.WindowsAzure.MobileServices.SQLiteStore.Test.Unit\Microsoft.WindowsAzure.Mobile.SQLiteStore.Test.Unit.csproj", "{574B5567-FF51-4B0F-A9ED-CC9F711E9156}"
EndProject
Project("{FAE04EC0-301F-11D3-BF4B-00C04F79EFBC}") = "Microsoft.WindowsAzure.Mobile.Test", "test\Microsoft.WindowsAzure.MobileServices.Test\Microsoft.WindowsAzure.Mobile.Test.csproj", "{D8BBC92A-B213-463B-911D-3A106F91D5F9}"
EndProject
Project("{2150E333-8FDC-42A3-9474-1A3956D46DE8}") = "src", "src", "{1389B3C6-701D-4812-A32B-D6662195EEA9}"
EndProject
Project("{2150E333-8FDC-42A3-9474-1A3956D46DE8}") = "test", "test", "{C5440C41-582C-4372-B3D1-A7878A7C1CC9}"
EndProject
Project("{9A19103F-16F7-4668-BE54-9A1E7A4F7556}") = "Microsoft.WindowsAzure.Mobile.SQLiteStore.Test", "test\Microsoft.WindowsAzure.MobileServices.SQLiteStore.Test\Microsoft.WindowsAzure.Mobile.SQLiteStore.Test.csproj", "{CD5D8A3A-5631-41BF-8161-8A2A7F892B71}"
EndProject
Project("{9A19103F-16F7-4668-BE54-9A1E7A4F7556}") = "Microsoft.WindowsAzure.Mobile.SQLiteStore.Ext.Test", "test\Microsoft.WindowsAzure.MobileServices.SQLiteStore.Ext.Test\Microsoft.WindowsAzure.Mobile.SQLiteStore.Ext.Test.csproj", "{7C1A9BC1-3E60-4673-AC08-AC8399032D49}"
EndProject
Project("{FAE04EC0-301F-11D3-BF4B-00C04F79EFBC}") = "Microsoft.WindowsAzure.Mobile.Ext", "src\Microsoft.WindowsAzure.MobileServices.Ext\Microsoft.WindowsAzure.Mobile.Ext.csproj", "{61621B06-9DF4-1811-90F6-AB20987BCBEB}"
EndProject
Project("{FAE04EC0-301F-11D3-BF4B-00C04F79EFBC}") = "Microsoft.WindowsAzure.Mobile.Ext.Test", "test\Microsoft.WindowsAzure.Mobile.Ext.Test\Microsoft.WindowsAzure.Mobile.Ext.Test.csproj", "{19DB1DAE-B5A2-B4A2-C113-206F95F401BA}"
EndProject
Global
	GlobalSection(SolutionConfigurationPlatforms) = preSolution
		Debug|Any CPU = Debug|Any CPU
		Debug|ARM = Debug|ARM
		Debug|iPhone = Debug|iPhone
		Debug|iPhoneSimulator = Debug|iPhoneSimulator
		Debug|Mixed Platforms = Debug|Mixed Platforms
		Debug|x64 = Debug|x64
		Debug|x86 = Debug|x86
		Release|Any CPU = Release|Any CPU
		Release|ARM = Release|ARM
		Release|iPhone = Release|iPhone
		Release|iPhoneSimulator = Release|iPhoneSimulator
		Release|Mixed Platforms = Release|Mixed Platforms
		Release|x64 = Release|x64
		Release|x86 = Release|x86
	EndGlobalSection
	GlobalSection(ProjectConfigurationPlatforms) = postSolution
		{4C20D49A-FE5E-4D9C-98B9-8125450074F5}.Debug|Any CPU.ActiveCfg = Debug|Any CPU
		{4C20D49A-FE5E-4D9C-98B9-8125450074F5}.Debug|Any CPU.Build.0 = Debug|Any CPU
		{4C20D49A-FE5E-4D9C-98B9-8125450074F5}.Debug|ARM.ActiveCfg = Debug|Any CPU
		{4C20D49A-FE5E-4D9C-98B9-8125450074F5}.Debug|ARM.Build.0 = Debug|Any CPU
		{4C20D49A-FE5E-4D9C-98B9-8125450074F5}.Debug|iPhone.ActiveCfg = Debug|Any CPU
		{4C20D49A-FE5E-4D9C-98B9-8125450074F5}.Debug|iPhone.Build.0 = Debug|Any CPU
		{4C20D49A-FE5E-4D9C-98B9-8125450074F5}.Debug|iPhoneSimulator.ActiveCfg = Debug|Any CPU
		{4C20D49A-FE5E-4D9C-98B9-8125450074F5}.Debug|iPhoneSimulator.Build.0 = Debug|Any CPU
		{4C20D49A-FE5E-4D9C-98B9-8125450074F5}.Debug|Mixed Platforms.ActiveCfg = Debug|Any CPU
		{4C20D49A-FE5E-4D9C-98B9-8125450074F5}.Debug|Mixed Platforms.Build.0 = Debug|Any CPU
		{4C20D49A-FE5E-4D9C-98B9-8125450074F5}.Debug|x64.ActiveCfg = Debug|Any CPU
		{4C20D49A-FE5E-4D9C-98B9-8125450074F5}.Debug|x86.ActiveCfg = Debug|Any CPU
		{4C20D49A-FE5E-4D9C-98B9-8125450074F5}.Debug|x86.Build.0 = Debug|Any CPU
		{4C20D49A-FE5E-4D9C-98B9-8125450074F5}.Release|Any CPU.ActiveCfg = Release|Any CPU
		{4C20D49A-FE5E-4D9C-98B9-8125450074F5}.Release|Any CPU.Build.0 = Release|Any CPU
		{4C20D49A-FE5E-4D9C-98B9-8125450074F5}.Release|ARM.ActiveCfg = Release|Any CPU
		{4C20D49A-FE5E-4D9C-98B9-8125450074F5}.Release|iPhone.ActiveCfg = Release|Any CPU
		{4C20D49A-FE5E-4D9C-98B9-8125450074F5}.Release|iPhoneSimulator.ActiveCfg = Release|Any CPU
		{4C20D49A-FE5E-4D9C-98B9-8125450074F5}.Release|Mixed Platforms.ActiveCfg = Release|Any CPU
		{4C20D49A-FE5E-4D9C-98B9-8125450074F5}.Release|Mixed Platforms.Build.0 = Release|Any CPU
		{4C20D49A-FE5E-4D9C-98B9-8125450074F5}.Release|x64.ActiveCfg = Release|Any CPU
		{4C20D49A-FE5E-4D9C-98B9-8125450074F5}.Release|x86.ActiveCfg = Release|Any CPU
		{4C20D49A-FE5E-4D9C-98B9-8125450074F5}.Release|x86.Build.0 = Release|Any CPU
		{75557793-E36E-4190-8714-5BD2665859FB}.Debug|Any CPU.ActiveCfg = Debug|Any CPU
		{75557793-E36E-4190-8714-5BD2665859FB}.Debug|Any CPU.Build.0 = Debug|Any CPU
		{75557793-E36E-4190-8714-5BD2665859FB}.Debug|ARM.ActiveCfg = Debug|Any CPU
		{75557793-E36E-4190-8714-5BD2665859FB}.Debug|ARM.Build.0 = Debug|Any CPU
		{75557793-E36E-4190-8714-5BD2665859FB}.Debug|iPhone.ActiveCfg = Debug|Any CPU
		{75557793-E36E-4190-8714-5BD2665859FB}.Debug|iPhone.Build.0 = Debug|Any CPU
		{75557793-E36E-4190-8714-5BD2665859FB}.Debug|iPhoneSimulator.ActiveCfg = Debug|Any CPU
		{75557793-E36E-4190-8714-5BD2665859FB}.Debug|iPhoneSimulator.Build.0 = Debug|Any CPU
		{75557793-E36E-4190-8714-5BD2665859FB}.Debug|Mixed Platforms.ActiveCfg = Debug|Any CPU
		{75557793-E36E-4190-8714-5BD2665859FB}.Debug|Mixed Platforms.Build.0 = Debug|Any CPU
		{75557793-E36E-4190-8714-5BD2665859FB}.Debug|x64.ActiveCfg = Debug|Any CPU
		{75557793-E36E-4190-8714-5BD2665859FB}.Debug|x86.ActiveCfg = Debug|Any CPU
		{75557793-E36E-4190-8714-5BD2665859FB}.Debug|x86.Build.0 = Debug|Any CPU
		{75557793-E36E-4190-8714-5BD2665859FB}.Release|Any CPU.ActiveCfg = Release|Any CPU
		{75557793-E36E-4190-8714-5BD2665859FB}.Release|Any CPU.Build.0 = Release|Any CPU
		{75557793-E36E-4190-8714-5BD2665859FB}.Release|ARM.ActiveCfg = Release|Any CPU
		{75557793-E36E-4190-8714-5BD2665859FB}.Release|iPhone.ActiveCfg = Release|Any CPU
		{75557793-E36E-4190-8714-5BD2665859FB}.Release|iPhoneSimulator.ActiveCfg = Release|Any CPU
		{75557793-E36E-4190-8714-5BD2665859FB}.Release|Mixed Platforms.ActiveCfg = Release|Any CPU
		{75557793-E36E-4190-8714-5BD2665859FB}.Release|Mixed Platforms.Build.0 = Release|Any CPU
		{75557793-E36E-4190-8714-5BD2665859FB}.Release|x64.ActiveCfg = Release|Any CPU
		{75557793-E36E-4190-8714-5BD2665859FB}.Release|x86.ActiveCfg = Release|Any CPU
		{75557793-E36E-4190-8714-5BD2665859FB}.Release|x86.Build.0 = Release|Any CPU
		{A2500BD2-A9A2-4085-9978-DEE3675B02DD}.Debug|Any CPU.ActiveCfg = Debug|Any CPU
		{A2500BD2-A9A2-4085-9978-DEE3675B02DD}.Debug|Any CPU.Build.0 = Debug|Any CPU
		{A2500BD2-A9A2-4085-9978-DEE3675B02DD}.Debug|ARM.ActiveCfg = Debug|Any CPU
		{A2500BD2-A9A2-4085-9978-DEE3675B02DD}.Debug|ARM.Build.0 = Debug|Any CPU
		{A2500BD2-A9A2-4085-9978-DEE3675B02DD}.Debug|iPhone.ActiveCfg = Debug|Any CPU
		{A2500BD2-A9A2-4085-9978-DEE3675B02DD}.Debug|iPhone.Build.0 = Debug|Any CPU
		{A2500BD2-A9A2-4085-9978-DEE3675B02DD}.Debug|iPhoneSimulator.ActiveCfg = Debug|Any CPU
		{A2500BD2-A9A2-4085-9978-DEE3675B02DD}.Debug|iPhoneSimulator.Build.0 = Debug|Any CPU
		{A2500BD2-A9A2-4085-9978-DEE3675B02DD}.Debug|Mixed Platforms.ActiveCfg = Debug|Any CPU
		{A2500BD2-A9A2-4085-9978-DEE3675B02DD}.Debug|Mixed Platforms.Build.0 = Debug|Any CPU
		{A2500BD2-A9A2-4085-9978-DEE3675B02DD}.Debug|x64.ActiveCfg = Debug|Any CPU
		{A2500BD2-A9A2-4085-9978-DEE3675B02DD}.Debug|x86.ActiveCfg = Debug|Any CPU
		{A2500BD2-A9A2-4085-9978-DEE3675B02DD}.Debug|x86.Build.0 = Debug|Any CPU
		{A2500BD2-A9A2-4085-9978-DEE3675B02DD}.Release|Any CPU.ActiveCfg = Release|Any CPU
		{A2500BD2-A9A2-4085-9978-DEE3675B02DD}.Release|Any CPU.Build.0 = Release|Any CPU
		{A2500BD2-A9A2-4085-9978-DEE3675B02DD}.Release|ARM.ActiveCfg = Release|Any CPU
		{A2500BD2-A9A2-4085-9978-DEE3675B02DD}.Release|iPhone.ActiveCfg = Release|Any CPU
		{A2500BD2-A9A2-4085-9978-DEE3675B02DD}.Release|iPhoneSimulator.ActiveCfg = Release|Any CPU
		{A2500BD2-A9A2-4085-9978-DEE3675B02DD}.Release|Mixed Platforms.ActiveCfg = Release|Any CPU
		{A2500BD2-A9A2-4085-9978-DEE3675B02DD}.Release|Mixed Platforms.Build.0 = Release|Any CPU
		{A2500BD2-A9A2-4085-9978-DEE3675B02DD}.Release|x64.ActiveCfg = Release|Any CPU
		{A2500BD2-A9A2-4085-9978-DEE3675B02DD}.Release|x86.ActiveCfg = Release|Any CPU
		{A2500BD2-A9A2-4085-9978-DEE3675B02DD}.Release|x86.Build.0 = Release|Any CPU
		{574B5567-FF51-4B0F-A9ED-CC9F711E9156}.Debug|Any CPU.ActiveCfg = Debug|Any CPU
		{574B5567-FF51-4B0F-A9ED-CC9F711E9156}.Debug|Any CPU.Build.0 = Debug|Any CPU
		{574B5567-FF51-4B0F-A9ED-CC9F711E9156}.Debug|ARM.ActiveCfg = Debug|Any CPU
		{574B5567-FF51-4B0F-A9ED-CC9F711E9156}.Debug|iPhone.ActiveCfg = Debug|Any CPU
		{574B5567-FF51-4B0F-A9ED-CC9F711E9156}.Debug|iPhoneSimulator.ActiveCfg = Debug|Any CPU
		{574B5567-FF51-4B0F-A9ED-CC9F711E9156}.Debug|Mixed Platforms.ActiveCfg = Debug|Any CPU
		{574B5567-FF51-4B0F-A9ED-CC9F711E9156}.Debug|Mixed Platforms.Build.0 = Debug|Any CPU
		{574B5567-FF51-4B0F-A9ED-CC9F711E9156}.Debug|x64.ActiveCfg = Debug|Any CPU
		{574B5567-FF51-4B0F-A9ED-CC9F711E9156}.Debug|x86.ActiveCfg = Debug|Any CPU
		{574B5567-FF51-4B0F-A9ED-CC9F711E9156}.Debug|x86.Build.0 = Debug|Any CPU
		{574B5567-FF51-4B0F-A9ED-CC9F711E9156}.Release|Any CPU.ActiveCfg = Release|Any CPU
		{574B5567-FF51-4B0F-A9ED-CC9F711E9156}.Release|Any CPU.Build.0 = Release|Any CPU
		{574B5567-FF51-4B0F-A9ED-CC9F711E9156}.Release|ARM.ActiveCfg = Release|Any CPU
		{574B5567-FF51-4B0F-A9ED-CC9F711E9156}.Release|iPhone.ActiveCfg = Release|Any CPU
		{574B5567-FF51-4B0F-A9ED-CC9F711E9156}.Release|iPhoneSimulator.ActiveCfg = Release|Any CPU
		{574B5567-FF51-4B0F-A9ED-CC9F711E9156}.Release|Mixed Platforms.ActiveCfg = Release|Any CPU
		{574B5567-FF51-4B0F-A9ED-CC9F711E9156}.Release|Mixed Platforms.Build.0 = Release|Any CPU
		{574B5567-FF51-4B0F-A9ED-CC9F711E9156}.Release|x64.ActiveCfg = Release|Any CPU
		{574B5567-FF51-4B0F-A9ED-CC9F711E9156}.Release|x86.ActiveCfg = Release|Any CPU
		{574B5567-FF51-4B0F-A9ED-CC9F711E9156}.Release|x86.Build.0 = Release|Any CPU
		{D8BBC92A-B213-463B-911D-3A106F91D5F9}.Debug|Any CPU.ActiveCfg = Debug|Any CPU
		{D8BBC92A-B213-463B-911D-3A106F91D5F9}.Debug|Any CPU.Build.0 = Debug|Any CPU
		{D8BBC92A-B213-463B-911D-3A106F91D5F9}.Debug|ARM.ActiveCfg = Debug|Any CPU
		{D8BBC92A-B213-463B-911D-3A106F91D5F9}.Debug|ARM.Build.0 = Debug|Any CPU
		{D8BBC92A-B213-463B-911D-3A106F91D5F9}.Debug|iPhone.ActiveCfg = Debug|Any CPU
		{D8BBC92A-B213-463B-911D-3A106F91D5F9}.Debug|iPhone.Build.0 = Debug|Any CPU
		{D8BBC92A-B213-463B-911D-3A106F91D5F9}.Debug|iPhoneSimulator.ActiveCfg = Debug|Any CPU
		{D8BBC92A-B213-463B-911D-3A106F91D5F9}.Debug|iPhoneSimulator.Build.0 = Debug|Any CPU
		{D8BBC92A-B213-463B-911D-3A106F91D5F9}.Debug|Mixed Platforms.ActiveCfg = Debug|Any CPU
		{D8BBC92A-B213-463B-911D-3A106F91D5F9}.Debug|Mixed Platforms.Build.0 = Debug|Any CPU
		{D8BBC92A-B213-463B-911D-3A106F91D5F9}.Debug|x64.ActiveCfg = Debug|Any CPU
		{D8BBC92A-B213-463B-911D-3A106F91D5F9}.Debug|x86.ActiveCfg = Debug|Any CPU
		{D8BBC92A-B213-463B-911D-3A106F91D5F9}.Debug|x86.Build.0 = Debug|Any CPU
		{D8BBC92A-B213-463B-911D-3A106F91D5F9}.Release|Any CPU.ActiveCfg = Release|Any CPU
		{D8BBC92A-B213-463B-911D-3A106F91D5F9}.Release|Any CPU.Build.0 = Release|Any CPU
		{D8BBC92A-B213-463B-911D-3A106F91D5F9}.Release|ARM.ActiveCfg = Release|Any CPU
		{D8BBC92A-B213-463B-911D-3A106F91D5F9}.Release|iPhone.ActiveCfg = Release|Any CPU
		{D8BBC92A-B213-463B-911D-3A106F91D5F9}.Release|iPhoneSimulator.ActiveCfg = Release|Any CPU
		{D8BBC92A-B213-463B-911D-3A106F91D5F9}.Release|Mixed Platforms.ActiveCfg = Release|Any CPU
		{D8BBC92A-B213-463B-911D-3A106F91D5F9}.Release|Mixed Platforms.Build.0 = Release|Any CPU
		{D8BBC92A-B213-463B-911D-3A106F91D5F9}.Release|x64.ActiveCfg = Release|Any CPU
		{D8BBC92A-B213-463B-911D-3A106F91D5F9}.Release|x86.ActiveCfg = Release|Any CPU
		{D8BBC92A-B213-463B-911D-3A106F91D5F9}.Release|x86.Build.0 = Release|Any CPU
		{CD5D8A3A-5631-41BF-8161-8A2A7F892B71}.Debug|Any CPU.ActiveCfg = Debug|Any CPU
		{CD5D8A3A-5631-41BF-8161-8A2A7F892B71}.Debug|Any CPU.Build.0 = Debug|Any CPU
		{CD5D8A3A-5631-41BF-8161-8A2A7F892B71}.Debug|ARM.ActiveCfg = Debug|Any CPU
		{CD5D8A3A-5631-41BF-8161-8A2A7F892B71}.Debug|ARM.Build.0 = Debug|Any CPU
		{CD5D8A3A-5631-41BF-8161-8A2A7F892B71}.Debug|iPhone.ActiveCfg = Debug|Any CPU
		{CD5D8A3A-5631-41BF-8161-8A2A7F892B71}.Debug|iPhone.Build.0 = Debug|Any CPU
		{CD5D8A3A-5631-41BF-8161-8A2A7F892B71}.Debug|iPhoneSimulator.ActiveCfg = Debug|Any CPU
		{CD5D8A3A-5631-41BF-8161-8A2A7F892B71}.Debug|iPhoneSimulator.Build.0 = Debug|Any CPU
		{CD5D8A3A-5631-41BF-8161-8A2A7F892B71}.Debug|Mixed Platforms.ActiveCfg = Debug|Any CPU
		{CD5D8A3A-5631-41BF-8161-8A2A7F892B71}.Debug|Mixed Platforms.Build.0 = Debug|Any CPU
		{CD5D8A3A-5631-41BF-8161-8A2A7F892B71}.Debug|x64.ActiveCfg = Debug|Any CPU
		{CD5D8A3A-5631-41BF-8161-8A2A7F892B71}.Debug|x86.ActiveCfg = Debug|Any CPU
		{CD5D8A3A-5631-41BF-8161-8A2A7F892B71}.Debug|x86.Build.0 = Debug|Any CPU
		{CD5D8A3A-5631-41BF-8161-8A2A7F892B71}.Release|Any CPU.ActiveCfg = Release|Any CPU
		{CD5D8A3A-5631-41BF-8161-8A2A7F892B71}.Release|Any CPU.Build.0 = Release|Any CPU
		{CD5D8A3A-5631-41BF-8161-8A2A7F892B71}.Release|ARM.ActiveCfg = Release|Any CPU
		{CD5D8A3A-5631-41BF-8161-8A2A7F892B71}.Release|iPhone.ActiveCfg = Release|Any CPU
		{CD5D8A3A-5631-41BF-8161-8A2A7F892B71}.Release|iPhoneSimulator.ActiveCfg = Release|Any CPU
		{CD5D8A3A-5631-41BF-8161-8A2A7F892B71}.Release|Mixed Platforms.ActiveCfg = Release|Any CPU
		{CD5D8A3A-5631-41BF-8161-8A2A7F892B71}.Release|Mixed Platforms.Build.0 = Release|Any CPU
		{CD5D8A3A-5631-41BF-8161-8A2A7F892B71}.Release|x64.ActiveCfg = Release|Any CPU
		{CD5D8A3A-5631-41BF-8161-8A2A7F892B71}.Release|x86.ActiveCfg = Release|Any CPU
		{CD5D8A3A-5631-41BF-8161-8A2A7F892B71}.Release|x86.Build.0 = Release|Any CPU
		{7C1A9BC1-3E60-4673-AC08-AC8399032D49}.Debug|Any CPU.ActiveCfg = Debug|Any CPU
		{7C1A9BC1-3E60-4673-AC08-AC8399032D49}.Debug|Any CPU.Build.0 = Debug|Any CPU
		{7C1A9BC1-3E60-4673-AC08-AC8399032D49}.Debug|ARM.ActiveCfg = Debug|Any CPU
		{7C1A9BC1-3E60-4673-AC08-AC8399032D49}.Debug|ARM.Build.0 = Debug|Any CPU
		{7C1A9BC1-3E60-4673-AC08-AC8399032D49}.Debug|iPhone.ActiveCfg = Debug|Any CPU
		{7C1A9BC1-3E60-4673-AC08-AC8399032D49}.Debug|iPhone.Build.0 = Debug|Any CPU
		{7C1A9BC1-3E60-4673-AC08-AC8399032D49}.Debug|iPhoneSimulator.ActiveCfg = Debug|Any CPU
		{7C1A9BC1-3E60-4673-AC08-AC8399032D49}.Debug|iPhoneSimulator.Build.0 = Debug|Any CPU
		{7C1A9BC1-3E60-4673-AC08-AC8399032D49}.Debug|Mixed Platforms.ActiveCfg = Debug|Any CPU
		{7C1A9BC1-3E60-4673-AC08-AC8399032D49}.Debug|Mixed Platforms.Build.0 = Debug|Any CPU
		{7C1A9BC1-3E60-4673-AC08-AC8399032D49}.Debug|x64.ActiveCfg = Debug|Any CPU
		{7C1A9BC1-3E60-4673-AC08-AC8399032D49}.Debug|x64.Build.0 = Debug|Any CPU
		{7C1A9BC1-3E60-4673-AC08-AC8399032D49}.Debug|x86.ActiveCfg = Debug|Any CPU
		{7C1A9BC1-3E60-4673-AC08-AC8399032D49}.Debug|x86.Build.0 = Debug|Any CPU
		{7C1A9BC1-3E60-4673-AC08-AC8399032D49}.Release|Any CPU.ActiveCfg = Release|Any CPU
		{7C1A9BC1-3E60-4673-AC08-AC8399032D49}.Release|Any CPU.Build.0 = Release|Any CPU
		{7C1A9BC1-3E60-4673-AC08-AC8399032D49}.Release|ARM.ActiveCfg = Release|Any CPU
		{7C1A9BC1-3E60-4673-AC08-AC8399032D49}.Release|ARM.Build.0 = Release|Any CPU
		{7C1A9BC1-3E60-4673-AC08-AC8399032D49}.Release|iPhone.ActiveCfg = Release|Any CPU
		{7C1A9BC1-3E60-4673-AC08-AC8399032D49}.Release|iPhone.Build.0 = Release|Any CPU
		{7C1A9BC1-3E60-4673-AC08-AC8399032D49}.Release|iPhoneSimulator.ActiveCfg = Release|Any CPU
		{7C1A9BC1-3E60-4673-AC08-AC8399032D49}.Release|iPhoneSimulator.Build.0 = Release|Any CPU
		{7C1A9BC1-3E60-4673-AC08-AC8399032D49}.Release|Mixed Platforms.ActiveCfg = Release|Any CPU
		{7C1A9BC1-3E60-4673-AC08-AC8399032D49}.Release|Mixed Platforms.Build.0 = Release|Any CPU
		{7C1A9BC1-3E60-4673-AC08-AC8399032D49}.Release|x64.ActiveCfg = Release|Any CPU
		{7C1A9BC1-3E60-4673-AC08-AC8399032D49}.Release|x64.Build.0 = Release|Any CPU
		{7C1A9BC1-3E60-4673-AC08-AC8399032D49}.Release|x86.ActiveCfg = Release|Any CPU
		{7C1A9BC1-3E60-4673-AC08-AC8399032D49}.Release|x86.Build.0 = Release|Any CPU
		{61621B06-9DF4-1811-90F6-AB20987BCBEB}.Debug|Any CPU.ActiveCfg = Debug|Any CPU
		{61621B06-9DF4-1811-90F6-AB20987BCBEB}.Debug|Any CPU.Build.0 = Debug|Any CPU
		{61621B06-9DF4-1811-90F6-AB20987BCBEB}.Debug|ARM.ActiveCfg = Debug|Any CPU
		{61621B06-9DF4-1811-90F6-AB20987BCBEB}.Debug|ARM.Build.0 = Debug|Any CPU
		{61621B06-9DF4-1811-90F6-AB20987BCBEB}.Debug|iPhone.ActiveCfg = Debug|Any CPU
		{61621B06-9DF4-1811-90F6-AB20987BCBEB}.Debug|iPhone.Build.0 = Debug|Any CPU
		{61621B06-9DF4-1811-90F6-AB20987BCBEB}.Debug|iPhoneSimulator.ActiveCfg = Debug|Any CPU
		{61621B06-9DF4-1811-90F6-AB20987BCBEB}.Debug|iPhoneSimulator.Build.0 = Debug|Any CPU
		{61621B06-9DF4-1811-90F6-AB20987BCBEB}.Debug|Mixed Platforms.ActiveCfg = Debug|Any CPU
		{61621B06-9DF4-1811-90F6-AB20987BCBEB}.Debug|Mixed Platforms.Build.0 = Debug|Any CPU
		{61621B06-9DF4-1811-90F6-AB20987BCBEB}.Debug|x64.ActiveCfg = Debug|Any CPU
		{61621B06-9DF4-1811-90F6-AB20987BCBEB}.Debug|x64.Build.0 = Debug|Any CPU
		{61621B06-9DF4-1811-90F6-AB20987BCBEB}.Debug|x86.ActiveCfg = Debug|Any CPU
		{61621B06-9DF4-1811-90F6-AB20987BCBEB}.Debug|x86.Build.0 = Debug|Any CPU
		{61621B06-9DF4-1811-90F6-AB20987BCBEB}.Release|Any CPU.ActiveCfg = Release|Any CPU
		{61621B06-9DF4-1811-90F6-AB20987BCBEB}.Release|Any CPU.Build.0 = Release|Any CPU
		{61621B06-9DF4-1811-90F6-AB20987BCBEB}.Release|ARM.ActiveCfg = Release|Any CPU
		{61621B06-9DF4-1811-90F6-AB20987BCBEB}.Release|ARM.Build.0 = Release|Any CPU
		{61621B06-9DF4-1811-90F6-AB20987BCBEB}.Release|iPhone.ActiveCfg = Release|Any CPU
		{61621B06-9DF4-1811-90F6-AB20987BCBEB}.Release|iPhone.Build.0 = Release|Any CPU
		{61621B06-9DF4-1811-90F6-AB20987BCBEB}.Release|iPhoneSimulator.ActiveCfg = Release|Any CPU
		{61621B06-9DF4-1811-90F6-AB20987BCBEB}.Release|iPhoneSimulator.Build.0 = Release|Any CPU
		{61621B06-9DF4-1811-90F6-AB20987BCBEB}.Release|Mixed Platforms.ActiveCfg = Release|Any CPU
		{61621B06-9DF4-1811-90F6-AB20987BCBEB}.Release|Mixed Platforms.Build.0 = Release|Any CPU
		{61621B06-9DF4-1811-90F6-AB20987BCBEB}.Release|x64.ActiveCfg = Release|Any CPU
		{61621B06-9DF4-1811-90F6-AB20987BCBEB}.Release|x64.Build.0 = Release|Any CPU
		{61621B06-9DF4-1811-90F6-AB20987BCBEB}.Release|x86.ActiveCfg = Release|Any CPU
		{61621B06-9DF4-1811-90F6-AB20987BCBEB}.Release|x86.Build.0 = Release|Any CPU
		{19DB1DAE-B5A2-B4A2-C113-206F95F401BA}.Debug|Any CPU.ActiveCfg = Debug|Any CPU
		{19DB1DAE-B5A2-B4A2-C113-206F95F401BA}.Debug|Any CPU.Build.0 = Debug|Any CPU
		{19DB1DAE-B5A2-B4A2-C113-206F95F401BA}.Debug|ARM.ActiveCfg = Debug|Any CPU
		{19DB1DAE-B5A2-B4A2-C113-206F95F401BA}.Debug|ARM.Build.0 = Debug|Any CPU
		{19DB1DAE-B5A2-B4A2-C113-206F95F401BA}.Debug|iPhone.ActiveCfg = Debug|Any CPU
		{19DB1DAE-B5A2-B4A2-C113-206F95F401BA}.Debug|iPhone.Build.0 = Debug|Any CPU
		{19DB1DAE-B5A2-B4A2-C113-206F95F401BA}.Debug|iPhoneSimulator.ActiveCfg = Debug|Any CPU
		{19DB1DAE-B5A2-B4A2-C113-206F95F401BA}.Debug|iPhoneSimulator.Build.0 = Debug|Any CPU
		{19DB1DAE-B5A2-B4A2-C113-206F95F401BA}.Debug|Mixed Platforms.ActiveCfg = Debug|Any CPU
		{19DB1DAE-B5A2-B4A2-C113-206F95F401BA}.Debug|Mixed Platforms.Build.0 = Debug|Any CPU
		{19DB1DAE-B5A2-B4A2-C113-206F95F401BA}.Debug|x64.ActiveCfg = Debug|Any CPU
		{19DB1DAE-B5A2-B4A2-C113-206F95F401BA}.Debug|x64.Build.0 = Debug|Any CPU
		{19DB1DAE-B5A2-B4A2-C113-206F95F401BA}.Debug|x86.ActiveCfg = Debug|Any CPU
		{19DB1DAE-B5A2-B4A2-C113-206F95F401BA}.Debug|x86.Build.0 = Debug|Any CPU
		{19DB1DAE-B5A2-B4A2-C113-206F95F401BA}.Release|Any CPU.ActiveCfg = Release|Any CPU
		{19DB1DAE-B5A2-B4A2-C113-206F95F401BA}.Release|Any CPU.Build.0 = Release|Any CPU
		{19DB1DAE-B5A2-B4A2-C113-206F95F401BA}.Release|ARM.ActiveCfg = Release|Any CPU
		{19DB1DAE-B5A2-B4A2-C113-206F95F401BA}.Release|ARM.Build.0 = Release|Any CPU
		{19DB1DAE-B5A2-B4A2-C113-206F95F401BA}.Release|iPhone.ActiveCfg = Release|Any CPU
		{19DB1DAE-B5A2-B4A2-C113-206F95F401BA}.Release|iPhone.Build.0 = Release|Any CPU
		{19DB1DAE-B5A2-B4A2-C113-206F95F401BA}.Release|iPhoneSimulator.ActiveCfg = Release|Any CPU
		{19DB1DAE-B5A2-B4A2-C113-206F95F401BA}.Release|iPhoneSimulator.Build.0 = Release|Any CPU
		{19DB1DAE-B5A2-B4A2-C113-206F95F401BA}.Release|Mixed Platforms.ActiveCfg = Release|Any CPU
		{19DB1DAE-B5A2-B4A2-C113-206F95F401BA}.Release|Mixed Platforms.Build.0 = Release|Any CPU
		{19DB1DAE-B5A2-B4A2-C113-206F95F401BA}.Release|x64.ActiveCfg = Release|Any CPU
		{19DB1DAE-B5A2-B4A2-C113-206F95F401BA}.Release|x64.Build.0 = Release|Any CPU
		{19DB1DAE-B5A2-B4A2-C113-206F95F401BA}.Release|x86.ActiveCfg = Release|Any CPU
		{19DB1DAE-B5A2-B4A2-C113-206F95F401BA}.Release|x86.Build.0 = Release|Any CPU
	EndGlobalSection
	GlobalSection(SolutionProperties) = preSolution
		HideSolutionNode = FALSE
	EndGlobalSection
	GlobalSection(NestedProjects) = preSolution
		{4C20D49A-FE5E-4D9C-98B9-8125450074F5} = {1389B3C6-701D-4812-A32B-D6662195EEA9}
		{75557793-E36E-4190-8714-5BD2665859FB} = {1389B3C6-701D-4812-A32B-D6662195EEA9}
		{A2500BD2-A9A2-4085-9978-DEE3675B02DD} = {C5440C41-582C-4372-B3D1-A7878A7C1CC9}
		{574B5567-FF51-4B0F-A9ED-CC9F711E9156} = {C5440C41-582C-4372-B3D1-A7878A7C1CC9}
		{D8BBC92A-B213-463B-911D-3A106F91D5F9} = {C5440C41-582C-4372-B3D1-A7878A7C1CC9}
		{CD5D8A3A-5631-41BF-8161-8A2A7F892B71} = {C5440C41-582C-4372-B3D1-A7878A7C1CC9}
		{7C1A9BC1-3E60-4673-AC08-AC8399032D49} = {C5440C41-582C-4372-B3D1-A7878A7C1CC9}
		{61621B06-9DF4-1811-90F6-AB20987BCBEB} = {1389B3C6-701D-4812-A32B-D6662195EEA9}
		{19DB1DAE-B5A2-B4A2-C113-206F95F401BA} = {C5440C41-582C-4372-B3D1-A7878A7C1CC9}
	EndGlobalSection
	GlobalSection(ExtensibilityGlobals) = postSolution
		SolutionGuid = {423B7325-D6D2-4071-AD54-BE72FEAA8801}
	EndGlobalSection
EndGlobal
